// !$*UTF8*$!
{
	archiveVersion = 1;
	classes = {
	};
	objectVersion = 46;
	objects = {

/* Begin PBXBuildFile section */
		171925D51DF7060E00DC5C03 /* CoreDataStack.swift in Sources */ = {isa = PBXBuildFile; fileRef = 171925D41DF7060E00DC5C03 /* CoreDataStack.swift */; };
		171925D81DF736F000DC5C03 /* Cart.swift in Sources */ = {isa = PBXBuildFile; fileRef = 171925D71DF736F000DC5C03 /* Cart.swift */; };
		171925DA1DF7387200DC5C03 /* CartUploader.swift in Sources */ = {isa = PBXBuildFile; fileRef = 171925D91DF7387200DC5C03 /* CartUploader.swift */; };
		1764E5121DF5F9190026E260 /* APIManager.swift in Sources */ = {isa = PBXBuildFile; fileRef = 1764E5111DF5F9190026E260 /* APIManager.swift */; };
		1764E5141DF5FA7B0026E260 /* Endpoint.swift in Sources */ = {isa = PBXBuildFile; fileRef = 1764E5131DF5FA7B0026E260 /* Endpoint.swift */; };
		1764E5171DF5FB4E0026E260 /* Products.swift in Sources */ = {isa = PBXBuildFile; fileRef = 1764E5161DF5FB4E0026E260 /* Products.swift */; };
		178352EB1DF5E9AA006ADAD4 /* AppDelegate.swift in Sources */ = {isa = PBXBuildFile; fileRef = 178352EA1DF5E9AA006ADAD4 /* AppDelegate.swift */; };
		178352ED1DF5E9AA006ADAD4 /* SearchViewController.swift in Sources */ = {isa = PBXBuildFile; fileRef = 178352EC1DF5E9AA006ADAD4 /* SearchViewController.swift */; };
		178352EF1DF5E9AA006ADAD4 /* WishlistViewController.swift in Sources */ = {isa = PBXBuildFile; fileRef = 178352EE1DF5E9AA006ADAD4 /* WishlistViewController.swift */; };
		178352F21DF5E9AA006ADAD4 /* Main.storyboard in Resources */ = {isa = PBXBuildFile; fileRef = 178352F01DF5E9AA006ADAD4 /* Main.storyboard */; };
		178352F41DF5E9AA006ADAD4 /* Assets.xcassets in Resources */ = {isa = PBXBuildFile; fileRef = 178352F31DF5E9AA006ADAD4 /* Assets.xcassets */; };
		178352F71DF5E9AA006ADAD4 /* LaunchScreen.storyboard in Resources */ = {isa = PBXBuildFile; fileRef = 178352F51DF5E9AA006ADAD4 /* LaunchScreen.storyboard */; };
		178353021DF5E9AA006ADAD4 /* DependancyInjectionTests.swift in Sources */ = {isa = PBXBuildFile; fileRef = 178353011DF5E9AA006ADAD4 /* DependancyInjectionTests.swift */; };
		1783530D1DF5E9AA006ADAD4 /* ClothesStoreUITests.swift in Sources */ = {isa = PBXBuildFile; fileRef = 1783530C1DF5E9AA006ADAD4 /* ClothesStoreUITests.swift */; };
		1783531C1DF5EFCD006ADAD4 /* CartViewController.swift in Sources */ = {isa = PBXBuildFile; fileRef = 1783531B1DF5EFCD006ADAD4 /* CartViewController.swift */; };
		17DFC3311DF60B0400BA6E69 /* CoreData.framework in Frameworks */ = {isa = PBXBuildFile; fileRef = 17DFC3301DF60B0400BA6E69 /* CoreData.framework */; };
		17DFC3341DF60B2B00BA6E69 /* ClothesStore.xcdatamodeld in Sources */ = {isa = PBXBuildFile; fileRef = 17DFC3321DF60B2B00BA6E69 /* ClothesStore.xcdatamodeld */; };
		17DFC3371DF60C0A00BA6E69 /* Product.swift in Sources */ = {isa = PBXBuildFile; fileRef = 17DFC3361DF60C0A00BA6E69 /* Product.swift */; };
		17F42A331DF6277C00F89314 /* ManagedObjectContextSettable.swift in Sources */ = {isa = PBXBuildFile; fileRef = 17F42A321DF6277C00F89314 /* ManagedObjectContextSettable.swift */; };
		17F42A351DF6279B00F89314 /* SyncCoordinatorSettable.swift in Sources */ = {isa = PBXBuildFile; fileRef = 17F42A341DF6279B00F89314 /* SyncCoordinatorSettable.swift */; };
		17F42A3A1DF62A9E00F89314 /* ChangeProcessor.swift in Sources */ = {isa = PBXBuildFile; fileRef = 17F42A391DF62A9E00F89314 /* ChangeProcessor.swift */; };
		17F42A3D1DF62AD700F89314 /* ProductDownloader.swift in Sources */ = {isa = PBXBuildFile; fileRef = 17F42A3C1DF62AD700F89314 /* ProductDownloader.swift */; };
		17F42A3F1DF6304A00F89314 /* SyncCoordinator.swift in Sources */ = {isa = PBXBuildFile; fileRef = 17F42A3E1DF6304A00F89314 /* SyncCoordinator.swift */; };
		17F42A411DF633F300F89314 /* ProductsDownloader.swift in Sources */ = {isa = PBXBuildFile; fileRef = 17F42A401DF633F300F89314 /* ProductsDownloader.swift */; };
		17F42A441DF63C7200F89314 /* DataProvider.swift in Sources */ = {isa = PBXBuildFile; fileRef = 17F42A431DF63C7200F89314 /* DataProvider.swift */; };
		17F42A461DF63C9A00F89314 /* DataSource.swift in Sources */ = {isa = PBXBuildFile; fileRef = 17F42A451DF63C9A00F89314 /* DataSource.swift */; };
		17F42A481DF63CCC00F89314 /* FetchedResultsDataProvider.swift in Sources */ = {isa = PBXBuildFile; fileRef = 17F42A471DF63CCC00F89314 /* FetchedResultsDataProvider.swift */; };
		17F42A4A1DF640B600F89314 /* TableViewDataSource.swift in Sources */ = {isa = PBXBuildFile; fileRef = 17F42A491DF640B600F89314 /* TableViewDataSource.swift */; };
		17F42A4C1DF640E800F89314 /* ConfigurableCell.swift in Sources */ = {isa = PBXBuildFile; fileRef = 17F42A4B1DF640E800F89314 /* ConfigurableCell.swift */; };
		17F42A511DF6FD3A00F89314 /* SearchTableViewCell.swift in Sources */ = {isa = PBXBuildFile; fileRef = 17F42A501DF6FD3A00F89314 /* SearchTableViewCell.swift */; };
		264CE506FF8FAEE548AE5050 /* Pods_ClothesStore.framework in Frameworks */ = {isa = PBXBuildFile; fileRef = 7B6C421B9CE556E367089711 /* Pods_ClothesStore.framework */; };
		38DDB73117E28034E9D28E33 /* Pods_ClothesStoreTests.framework in Frameworks */ = {isa = PBXBuildFile; fileRef = 2168523C9C9E6451FE59A9A9 /* Pods_ClothesStoreTests.framework */; };
		7F63E46E6E202D38BBA1341E /* Pods_ClothesStoreUITests.framework in Frameworks */ = {isa = PBXBuildFile; fileRef = AC29F4E217882ACED699BB71 /* Pods_ClothesStoreUITests.framework */; };
/* End PBXBuildFile section */

/* Begin PBXContainerItemProxy section */
		178352FE1DF5E9AA006ADAD4 /* PBXContainerItemProxy */ = {
			isa = PBXContainerItemProxy;
			containerPortal = 178352DF1DF5E9AA006ADAD4 /* Project object */;
			proxyType = 1;
			remoteGlobalIDString = 178352E61DF5E9AA006ADAD4;
			remoteInfo = ClothesStore;
		};
		178353091DF5E9AA006ADAD4 /* PBXContainerItemProxy */ = {
			isa = PBXContainerItemProxy;
			containerPortal = 178352DF1DF5E9AA006ADAD4 /* Project object */;
			proxyType = 1;
			remoteGlobalIDString = 178352E61DF5E9AA006ADAD4;
			remoteInfo = ClothesStore;
		};
/* End PBXContainerItemProxy section */

/* Begin PBXFileReference section */
		03FAF7CF02C2026CFFBFF493 /* Pods-ClothesStore.debug.xcconfig */ = {isa = PBXFileReference; includeInIndex = 1; lastKnownFileType = text.xcconfig; name = "Pods-ClothesStore.debug.xcconfig"; path = "Pods/Target Support Files/Pods-ClothesStore/Pods-ClothesStore.debug.xcconfig"; sourceTree = "<group>"; };
		171925D41DF7060E00DC5C03 /* CoreDataStack.swift */ = {isa = PBXFileReference; fileEncoding = 4; lastKnownFileType = sourcecode.swift; path = CoreDataStack.swift; sourceTree = "<group>"; };
		171925D71DF736F000DC5C03 /* Cart.swift */ = {isa = PBXFileReference; fileEncoding = 4; lastKnownFileType = sourcecode.swift; path = Cart.swift; sourceTree = "<group>"; };
		171925D91DF7387200DC5C03 /* CartUploader.swift */ = {isa = PBXFileReference; fileEncoding = 4; lastKnownFileType = sourcecode.swift; path = CartUploader.swift; sourceTree = "<group>"; };
		1764E5111DF5F9190026E260 /* APIManager.swift */ = {isa = PBXFileReference; fileEncoding = 4; lastKnownFileType = sourcecode.swift; path = APIManager.swift; sourceTree = "<group>"; };
		1764E5131DF5FA7B0026E260 /* Endpoint.swift */ = {isa = PBXFileReference; fileEncoding = 4; lastKnownFileType = sourcecode.swift; path = Endpoint.swift; sourceTree = "<group>"; };
		1764E5161DF5FB4E0026E260 /* Products.swift */ = {isa = PBXFileReference; fileEncoding = 4; lastKnownFileType = sourcecode.swift; path = Products.swift; sourceTree = "<group>"; };
		178352E71DF5E9AA006ADAD4 /* ClothesStore.app */ = {isa = PBXFileReference; explicitFileType = wrapper.application; includeInIndex = 0; path = ClothesStore.app; sourceTree = BUILT_PRODUCTS_DIR; };
		178352EA1DF5E9AA006ADAD4 /* AppDelegate.swift */ = {isa = PBXFileReference; lastKnownFileType = sourcecode.swift; path = AppDelegate.swift; sourceTree = "<group>"; };
		178352EC1DF5E9AA006ADAD4 /* SearchViewController.swift */ = {isa = PBXFileReference; lastKnownFileType = sourcecode.swift; path = SearchViewController.swift; sourceTree = "<group>"; };
		178352EE1DF5E9AA006ADAD4 /* WishlistViewController.swift */ = {isa = PBXFileReference; lastKnownFileType = sourcecode.swift; path = WishlistViewController.swift; sourceTree = "<group>"; };
		178352F11DF5E9AA006ADAD4 /* Base */ = {isa = PBXFileReference; lastKnownFileType = file.storyboard; name = Base; path = Base.lproj/Main.storyboard; sourceTree = "<group>"; };
		178352F31DF5E9AA006ADAD4 /* Assets.xcassets */ = {isa = PBXFileReference; lastKnownFileType = folder.assetcatalog; path = Assets.xcassets; sourceTree = "<group>"; };
		178352F61DF5E9AA006ADAD4 /* Base */ = {isa = PBXFileReference; lastKnownFileType = file.storyboard; name = Base; path = Base.lproj/LaunchScreen.storyboard; sourceTree = "<group>"; };
		178352F81DF5E9AA006ADAD4 /* Info.plist */ = {isa = PBXFileReference; lastKnownFileType = text.plist.xml; path = Info.plist; sourceTree = "<group>"; };
		178352FD1DF5E9AA006ADAD4 /* ClothesStoreTests.xctest */ = {isa = PBXFileReference; explicitFileType = wrapper.cfbundle; includeInIndex = 0; path = ClothesStoreTests.xctest; sourceTree = BUILT_PRODUCTS_DIR; };
		178353011DF5E9AA006ADAD4 /* DependancyInjectionTests.swift */ = {isa = PBXFileReference; lastKnownFileType = sourcecode.swift; path = DependancyInjectionTests.swift; sourceTree = "<group>"; };
		178353031DF5E9AA006ADAD4 /* Info.plist */ = {isa = PBXFileReference; lastKnownFileType = text.plist.xml; path = Info.plist; sourceTree = "<group>"; };
		178353081DF5E9AA006ADAD4 /* ClothesStoreUITests.xctest */ = {isa = PBXFileReference; explicitFileType = wrapper.cfbundle; includeInIndex = 0; path = ClothesStoreUITests.xctest; sourceTree = BUILT_PRODUCTS_DIR; };
		1783530C1DF5E9AA006ADAD4 /* ClothesStoreUITests.swift */ = {isa = PBXFileReference; lastKnownFileType = sourcecode.swift; path = ClothesStoreUITests.swift; sourceTree = "<group>"; };
		1783530E1DF5E9AA006ADAD4 /* Info.plist */ = {isa = PBXFileReference; lastKnownFileType = text.plist.xml; path = Info.plist; sourceTree = "<group>"; };
		1783531B1DF5EFCD006ADAD4 /* CartViewController.swift */ = {isa = PBXFileReference; fileEncoding = 4; lastKnownFileType = sourcecode.swift; path = CartViewController.swift; sourceTree = "<group>"; };
		17DFC3301DF60B0400BA6E69 /* CoreData.framework */ = {isa = PBXFileReference; lastKnownFileType = wrapper.framework; name = CoreData.framework; path = System/Library/Frameworks/CoreData.framework; sourceTree = SDKROOT; };
		17DFC3331DF60B2B00BA6E69 /* ClothesStore.xcdatamodel */ = {isa = PBXFileReference; lastKnownFileType = wrapper.xcdatamodel; path = ClothesStore.xcdatamodel; sourceTree = "<group>"; };
		17DFC3361DF60C0A00BA6E69 /* Product.swift */ = {isa = PBXFileReference; fileEncoding = 4; lastKnownFileType = sourcecode.swift; path = Product.swift; sourceTree = "<group>"; };
		17F42A321DF6277C00F89314 /* ManagedObjectContextSettable.swift */ = {isa = PBXFileReference; fileEncoding = 4; lastKnownFileType = sourcecode.swift; path = ManagedObjectContextSettable.swift; sourceTree = "<group>"; };
		17F42A341DF6279B00F89314 /* SyncCoordinatorSettable.swift */ = {isa = PBXFileReference; fileEncoding = 4; lastKnownFileType = sourcecode.swift; path = SyncCoordinatorSettable.swift; sourceTree = "<group>"; };
		17F42A391DF62A9E00F89314 /* ChangeProcessor.swift */ = {isa = PBXFileReference; fileEncoding = 4; lastKnownFileType = sourcecode.swift; path = ChangeProcessor.swift; sourceTree = "<group>"; };
		17F42A3C1DF62AD700F89314 /* ProductDownloader.swift */ = {isa = PBXFileReference; fileEncoding = 4; lastKnownFileType = sourcecode.swift; path = ProductDownloader.swift; sourceTree = "<group>"; };
		17F42A3E1DF6304A00F89314 /* SyncCoordinator.swift */ = {isa = PBXFileReference; fileEncoding = 4; lastKnownFileType = sourcecode.swift; path = SyncCoordinator.swift; sourceTree = "<group>"; };
		17F42A401DF633F300F89314 /* ProductsDownloader.swift */ = {isa = PBXFileReference; fileEncoding = 4; lastKnownFileType = sourcecode.swift; path = ProductsDownloader.swift; sourceTree = "<group>"; };
		17F42A431DF63C7200F89314 /* DataProvider.swift */ = {isa = PBXFileReference; fileEncoding = 4; lastKnownFileType = sourcecode.swift; path = DataProvider.swift; sourceTree = "<group>"; };
		17F42A451DF63C9A00F89314 /* DataSource.swift */ = {isa = PBXFileReference; fileEncoding = 4; lastKnownFileType = sourcecode.swift; path = DataSource.swift; sourceTree = "<group>"; };
		17F42A471DF63CCC00F89314 /* FetchedResultsDataProvider.swift */ = {isa = PBXFileReference; fileEncoding = 4; lastKnownFileType = sourcecode.swift; path = FetchedResultsDataProvider.swift; sourceTree = "<group>"; };
		17F42A491DF640B600F89314 /* TableViewDataSource.swift */ = {isa = PBXFileReference; fileEncoding = 4; lastKnownFileType = sourcecode.swift; path = TableViewDataSource.swift; sourceTree = "<group>"; };
		17F42A4B1DF640E800F89314 /* ConfigurableCell.swift */ = {isa = PBXFileReference; fileEncoding = 4; lastKnownFileType = sourcecode.swift; path = ConfigurableCell.swift; sourceTree = "<group>"; };
		17F42A501DF6FD3A00F89314 /* SearchTableViewCell.swift */ = {isa = PBXFileReference; fileEncoding = 4; lastKnownFileType = sourcecode.swift; path = SearchTableViewCell.swift; sourceTree = "<group>"; };
		1C163E0FA10B66959C56174C /* Pods-ClothesStore.release.xcconfig */ = {isa = PBXFileReference; includeInIndex = 1; lastKnownFileType = text.xcconfig; name = "Pods-ClothesStore.release.xcconfig"; path = "Pods/Target Support Files/Pods-ClothesStore/Pods-ClothesStore.release.xcconfig"; sourceTree = "<group>"; };
		2168523C9C9E6451FE59A9A9 /* Pods_ClothesStoreTests.framework */ = {isa = PBXFileReference; explicitFileType = wrapper.framework; includeInIndex = 0; path = Pods_ClothesStoreTests.framework; sourceTree = BUILT_PRODUCTS_DIR; };
		29E9FEB601F88E5A96D6EC1E /* Pods-ClothesStoreUITests.debug.xcconfig */ = {isa = PBXFileReference; includeInIndex = 1; lastKnownFileType = text.xcconfig; name = "Pods-ClothesStoreUITests.debug.xcconfig"; path = "Pods/Target Support Files/Pods-ClothesStoreUITests/Pods-ClothesStoreUITests.debug.xcconfig"; sourceTree = "<group>"; };
		570E83489F5633E2362CD8A9 /* Pods-ClothesStoreTests.release.xcconfig */ = {isa = PBXFileReference; includeInIndex = 1; lastKnownFileType = text.xcconfig; name = "Pods-ClothesStoreTests.release.xcconfig"; path = "Pods/Target Support Files/Pods-ClothesStoreTests/Pods-ClothesStoreTests.release.xcconfig"; sourceTree = "<group>"; };
		7B6C421B9CE556E367089711 /* Pods_ClothesStore.framework */ = {isa = PBXFileReference; explicitFileType = wrapper.framework; includeInIndex = 0; path = Pods_ClothesStore.framework; sourceTree = BUILT_PRODUCTS_DIR; };
		83BC2A1C9A418C6F126FE1A8 /* Pods-ClothesStoreUITests.release.xcconfig */ = {isa = PBXFileReference; includeInIndex = 1; lastKnownFileType = text.xcconfig; name = "Pods-ClothesStoreUITests.release.xcconfig"; path = "Pods/Target Support Files/Pods-ClothesStoreUITests/Pods-ClothesStoreUITests.release.xcconfig"; sourceTree = "<group>"; };
		8DB641B440818C7F0E500C3D /* Pods-ClothesStoreTests.debug.xcconfig */ = {isa = PBXFileReference; includeInIndex = 1; lastKnownFileType = text.xcconfig; name = "Pods-ClothesStoreTests.debug.xcconfig"; path = "Pods/Target Support Files/Pods-ClothesStoreTests/Pods-ClothesStoreTests.debug.xcconfig"; sourceTree = "<group>"; };
		AC29F4E217882ACED699BB71 /* Pods_ClothesStoreUITests.framework */ = {isa = PBXFileReference; explicitFileType = wrapper.framework; includeInIndex = 0; path = Pods_ClothesStoreUITests.framework; sourceTree = BUILT_PRODUCTS_DIR; };
/* End PBXFileReference section */

/* Begin PBXFrameworksBuildPhase section */
		178352E41DF5E9AA006ADAD4 /* Frameworks */ = {
			isa = PBXFrameworksBuildPhase;
			buildActionMask = 2147483647;
			files = (
				17DFC3311DF60B0400BA6E69 /* CoreData.framework in Frameworks */,
				264CE506FF8FAEE548AE5050 /* Pods_ClothesStore.framework in Frameworks */,
			);
			runOnlyForDeploymentPostprocessing = 0;
		};
		178352FA1DF5E9AA006ADAD4 /* Frameworks */ = {
			isa = PBXFrameworksBuildPhase;
			buildActionMask = 2147483647;
			files = (
				38DDB73117E28034E9D28E33 /* Pods_ClothesStoreTests.framework in Frameworks */,
			);
			runOnlyForDeploymentPostprocessing = 0;
		};
		178353051DF5E9AA006ADAD4 /* Frameworks */ = {
			isa = PBXFrameworksBuildPhase;
			buildActionMask = 2147483647;
			files = (
				7F63E46E6E202D38BBA1341E /* Pods_ClothesStoreUITests.framework in Frameworks */,
			);
			runOnlyForDeploymentPostprocessing = 0;
		};
/* End PBXFrameworksBuildPhase section */

/* Begin PBXGroup section */
		171925D61DF736E000DC5C03 /* Entities */ = {
			isa = PBXGroup;
			children = (
				17DFC3361DF60C0A00BA6E69 /* Product.swift */,
				171925D71DF736F000DC5C03 /* Cart.swift */,
			);
			name = Entities;
			sourceTree = "<group>";
		};
		1764E5101DF5F8670026E260 /* Networking */ = {
			isa = PBXGroup;
			children = (
				1764E5131DF5FA7B0026E260 /* Endpoint.swift */,
				1764E5151DF5FB0F0026E260 /* Endpoints */,
				1764E5111DF5F9190026E260 /* APIManager.swift */,
			);
			name = Networking;
			sourceTree = "<group>";
		};
		1764E5151DF5FB0F0026E260 /* Endpoints */ = {
			isa = PBXGroup;
			children = (
				1764E5161DF5FB4E0026E260 /* Products.swift */,
			);
			name = Endpoints;
			sourceTree = "<group>";
		};
		178352DE1DF5E9AA006ADAD4 = {
			isa = PBXGroup;
			children = (
				178352E91DF5E9AA006ADAD4 /* ClothesStore */,
				178353001DF5E9AA006ADAD4 /* ClothesStoreTests */,
				1783530B1DF5E9AA006ADAD4 /* ClothesStoreUITests */,
				178352E81DF5E9AA006ADAD4 /* Products */,
				5056E5A18D22489E1DE36810 /* Pods */,
				3E9D47D4E9D5B71D16D1082B /* Frameworks */,
			);
			sourceTree = "<group>";
		};
		178352E81DF5E9AA006ADAD4 /* Products */ = {
			isa = PBXGroup;
			children = (
				178352E71DF5E9AA006ADAD4 /* ClothesStore.app */,
				178352FD1DF5E9AA006ADAD4 /* ClothesStoreTests.xctest */,
				178353081DF5E9AA006ADAD4 /* ClothesStoreUITests.xctest */,
			);
			name = Products;
			sourceTree = "<group>";
		};
		178352E91DF5E9AA006ADAD4 /* ClothesStore */ = {
			isa = PBXGroup;
			children = (
				17F42A421DF63C6300F89314 /* Data Handlers */,
				17F42A361DF6297600F89314 /* Sync */,
				17F42A311DF6274200F89314 /* DependancyInjectables */,
				17DFC3351DF60BE100BA6E69 /* Model */,
				1764E5101DF5F8670026E260 /* Networking */,
				1783531A1DF5EF2A006ADAD4 /* ViewControllers */,
				178352EA1DF5E9AA006ADAD4 /* AppDelegate.swift */,
				178352F01DF5E9AA006ADAD4 /* Main.storyboard */,
				178352F31DF5E9AA006ADAD4 /* Assets.xcassets */,
				178352F51DF5E9AA006ADAD4 /* LaunchScreen.storyboard */,
				178352F81DF5E9AA006ADAD4 /* Info.plist */,
			);
			path = ClothesStore;
			sourceTree = "<group>";
		};
		178353001DF5E9AA006ADAD4 /* ClothesStoreTests */ = {
			isa = PBXGroup;
			children = (
				178353011DF5E9AA006ADAD4 /* DependancyInjectionTests.swift */,
				178353031DF5E9AA006ADAD4 /* Info.plist */,
			);
			path = ClothesStoreTests;
			sourceTree = "<group>";
		};
		1783530B1DF5E9AA006ADAD4 /* ClothesStoreUITests */ = {
			isa = PBXGroup;
			children = (
				1783530C1DF5E9AA006ADAD4 /* ClothesStoreUITests.swift */,
				1783530E1DF5E9AA006ADAD4 /* Info.plist */,
			);
			path = ClothesStoreUITests;
			sourceTree = "<group>";
		};
		1783531A1DF5EF2A006ADAD4 /* ViewControllers */ = {
			isa = PBXGroup;
			children = (
				17F42A4F1DF6FD2900F89314 /* Search */,
				178352EE1DF5E9AA006ADAD4 /* WishlistViewController.swift */,
				1783531B1DF5EFCD006ADAD4 /* CartViewController.swift */,
			);
			name = ViewControllers;
			sourceTree = "<group>";
		};
		17DFC3351DF60BE100BA6E69 /* Model */ = {
			isa = PBXGroup;
			children = (
				171925D61DF736E000DC5C03 /* Entities */,
				17DFC3321DF60B2B00BA6E69 /* ClothesStore.xcdatamodeld */,
				171925D41DF7060E00DC5C03 /* CoreDataStack.swift */,
			);
			name = Model;
			sourceTree = "<group>";
		};
		17F42A311DF6274200F89314 /* DependancyInjectables */ = {
			isa = PBXGroup;
			children = (
				17F42A321DF6277C00F89314 /* ManagedObjectContextSettable.swift */,
				17F42A341DF6279B00F89314 /* SyncCoordinatorSettable.swift */,
			);
			name = DependancyInjectables;
			sourceTree = "<group>";
		};
		17F42A361DF6297600F89314 /* Sync */ = {
			isa = PBXGroup;
			children = (
				17F42A3E1DF6304A00F89314 /* SyncCoordinator.swift */,
				17F42A391DF62A9E00F89314 /* ChangeProcessor.swift */,
				17F42A3B1DF62AC500F89314 /* ChangeProcessors */,
			);
			name = Sync;
			sourceTree = "<group>";
		};
		17F42A3B1DF62AC500F89314 /* ChangeProcessors */ = {
			isa = PBXGroup;
			children = (
				17F42A3C1DF62AD700F89314 /* ProductDownloader.swift */,
				17F42A401DF633F300F89314 /* ProductsDownloader.swift */,
				171925D91DF7387200DC5C03 /* CartUploader.swift */,
			);
			name = ChangeProcessors;
			sourceTree = "<group>";
		};
		17F42A421DF63C6300F89314 /* Data Handlers */ = {
			isa = PBXGroup;
			children = (
				17F42A431DF63C7200F89314 /* DataProvider.swift */,
				17F42A451DF63C9A00F89314 /* DataSource.swift */,
				17F42A471DF63CCC00F89314 /* FetchedResultsDataProvider.swift */,
				17F42A491DF640B600F89314 /* TableViewDataSource.swift */,
				17F42A4B1DF640E800F89314 /* ConfigurableCell.swift */,
			);
			name = "Data Handlers";
			sourceTree = "<group>";
		};
		17F42A4F1DF6FD2900F89314 /* Search */ = {
			isa = PBXGroup;
			children = (
				178352EC1DF5E9AA006ADAD4 /* SearchViewController.swift */,
				17F42A501DF6FD3A00F89314 /* SearchTableViewCell.swift */,
			);
			name = Search;
			sourceTree = "<group>";
		};
		3E9D47D4E9D5B71D16D1082B /* Frameworks */ = {
			isa = PBXGroup;
			children = (
				17DFC3301DF60B0400BA6E69 /* CoreData.framework */,
				7B6C421B9CE556E367089711 /* Pods_ClothesStore.framework */,
				2168523C9C9E6451FE59A9A9 /* Pods_ClothesStoreTests.framework */,
				AC29F4E217882ACED699BB71 /* Pods_ClothesStoreUITests.framework */,
			);
			name = Frameworks;
			sourceTree = "<group>";
		};
		5056E5A18D22489E1DE36810 /* Pods */ = {
			isa = PBXGroup;
			children = (
				03FAF7CF02C2026CFFBFF493 /* Pods-ClothesStore.debug.xcconfig */,
				1C163E0FA10B66959C56174C /* Pods-ClothesStore.release.xcconfig */,
				8DB641B440818C7F0E500C3D /* Pods-ClothesStoreTests.debug.xcconfig */,
				570E83489F5633E2362CD8A9 /* Pods-ClothesStoreTests.release.xcconfig */,
				29E9FEB601F88E5A96D6EC1E /* Pods-ClothesStoreUITests.debug.xcconfig */,
				83BC2A1C9A418C6F126FE1A8 /* Pods-ClothesStoreUITests.release.xcconfig */,
			);
			name = Pods;
			sourceTree = "<group>";
		};
/* End PBXGroup section */

/* Begin PBXNativeTarget section */
		178352E61DF5E9AA006ADAD4 /* ClothesStore */ = {
			isa = PBXNativeTarget;
			buildConfigurationList = 178353111DF5E9AA006ADAD4 /* Build configuration list for PBXNativeTarget "ClothesStore" */;
			buildPhases = (
				09FA448A36DB166094F589A2 /* [CP] Check Pods Manifest.lock */,
				178352E31DF5E9AA006ADAD4 /* Sources */,
				178352E41DF5E9AA006ADAD4 /* Frameworks */,
				178352E51DF5E9AA006ADAD4 /* Resources */,
				F374C35FA35C3386001566CB /* [CP] Embed Pods Frameworks */,
				68A7F3395CBD4189A5CFA0B3 /* [CP] Copy Pods Resources */,
			);
			buildRules = (
			);
			dependencies = (
			);
			name = ClothesStore;
			productName = ClothesStore;
			productReference = 178352E71DF5E9AA006ADAD4 /* ClothesStore.app */;
			productType = "com.apple.product-type.application";
		};
		178352FC1DF5E9AA006ADAD4 /* ClothesStoreTests */ = {
			isa = PBXNativeTarget;
			buildConfigurationList = 178353141DF5E9AA006ADAD4 /* Build configuration list for PBXNativeTarget "ClothesStoreTests" */;
			buildPhases = (
				B5B7CD1416F9E52C2BE6DDC7 /* [CP] Check Pods Manifest.lock */,
				178352F91DF5E9AA006ADAD4 /* Sources */,
				178352FA1DF5E9AA006ADAD4 /* Frameworks */,
				178352FB1DF5E9AA006ADAD4 /* Resources */,
				657B1F2D4F72B3C527B27BEE /* [CP] Embed Pods Frameworks */,
				B9ED607BA5C4693275472CBF /* [CP] Copy Pods Resources */,
			);
			buildRules = (
			);
			dependencies = (
				178352FF1DF5E9AA006ADAD4 /* PBXTargetDependency */,
			);
			name = ClothesStoreTests;
			productName = ClothesStoreTests;
			productReference = 178352FD1DF5E9AA006ADAD4 /* ClothesStoreTests.xctest */;
			productType = "com.apple.product-type.bundle.unit-test";
		};
		178353071DF5E9AA006ADAD4 /* ClothesStoreUITests */ = {
			isa = PBXNativeTarget;
			buildConfigurationList = 178353171DF5E9AA006ADAD4 /* Build configuration list for PBXNativeTarget "ClothesStoreUITests" */;
			buildPhases = (
				3DBB217AC1185E18AB2452E9 /* [CP] Check Pods Manifest.lock */,
				178353041DF5E9AA006ADAD4 /* Sources */,
				178353051DF5E9AA006ADAD4 /* Frameworks */,
				178353061DF5E9AA006ADAD4 /* Resources */,
				1B6043B00C2FB3B0D4986E58 /* [CP] Embed Pods Frameworks */,
				75E469AF0EC4A1C7092325D0 /* [CP] Copy Pods Resources */,
			);
			buildRules = (
			);
			dependencies = (
				1783530A1DF5E9AA006ADAD4 /* PBXTargetDependency */,
			);
			name = ClothesStoreUITests;
			productName = ClothesStoreUITests;
			productReference = 178353081DF5E9AA006ADAD4 /* ClothesStoreUITests.xctest */;
			productType = "com.apple.product-type.bundle.ui-testing";
		};
/* End PBXNativeTarget section */

/* Begin PBXProject section */
		178352DF1DF5E9AA006ADAD4 /* Project object */ = {
			isa = PBXProject;
			attributes = {
				LastSwiftUpdateCheck = 0800;
				LastUpgradeCheck = 0800;
				ORGANIZATIONNAME = "Kyle Davidson";
				TargetAttributes = {
					178352E61DF5E9AA006ADAD4 = {
						CreatedOnToolsVersion = 8.0;
						DevelopmentTeam = 7LN7TQR8G4;
						ProvisioningStyle = Automatic;
					};
					178352FC1DF5E9AA006ADAD4 = {
						CreatedOnToolsVersion = 8.0;
						DevelopmentTeam = 7LN7TQR8G4;
						ProvisioningStyle = Automatic;
						TestTargetID = 178352E61DF5E9AA006ADAD4;
					};
					178353071DF5E9AA006ADAD4 = {
						CreatedOnToolsVersion = 8.0;
						DevelopmentTeam = 7LN7TQR8G4;
						ProvisioningStyle = Automatic;
						TestTargetID = 178352E61DF5E9AA006ADAD4;
					};
				};
			};
			buildConfigurationList = 178352E21DF5E9AA006ADAD4 /* Build configuration list for PBXProject "ClothesStore" */;
			compatibilityVersion = "Xcode 3.2";
			developmentRegion = English;
			hasScannedForEncodings = 0;
			knownRegions = (
				en,
				Base,
			);
			mainGroup = 178352DE1DF5E9AA006ADAD4;
			productRefGroup = 178352E81DF5E9AA006ADAD4 /* Products */;
			projectDirPath = "";
			projectRoot = "";
			targets = (
				178352E61DF5E9AA006ADAD4 /* ClothesStore */,
				178352FC1DF5E9AA006ADAD4 /* ClothesStoreTests */,
				178353071DF5E9AA006ADAD4 /* ClothesStoreUITests */,
			);
		};
/* End PBXProject section */

/* Begin PBXResourcesBuildPhase section */
		178352E51DF5E9AA006ADAD4 /* Resources */ = {
			isa = PBXResourcesBuildPhase;
			buildActionMask = 2147483647;
			files = (
				178352F71DF5E9AA006ADAD4 /* LaunchScreen.storyboard in Resources */,
				178352F41DF5E9AA006ADAD4 /* Assets.xcassets in Resources */,
				178352F21DF5E9AA006ADAD4 /* Main.storyboard in Resources */,
			);
			runOnlyForDeploymentPostprocessing = 0;
		};
		178352FB1DF5E9AA006ADAD4 /* Resources */ = {
			isa = PBXResourcesBuildPhase;
			buildActionMask = 2147483647;
			files = (
			);
			runOnlyForDeploymentPostprocessing = 0;
		};
		178353061DF5E9AA006ADAD4 /* Resources */ = {
			isa = PBXResourcesBuildPhase;
			buildActionMask = 2147483647;
			files = (
			);
			runOnlyForDeploymentPostprocessing = 0;
		};
/* End PBXResourcesBuildPhase section */

/* Begin PBXShellScriptBuildPhase section */
		09FA448A36DB166094F589A2 /* [CP] Check Pods Manifest.lock */ = {
			isa = PBXShellScriptBuildPhase;
			buildActionMask = 2147483647;
			files = (
			);
			inputPaths = (
			);
			name = "[CP] Check Pods Manifest.lock";
			outputPaths = (
			);
			runOnlyForDeploymentPostprocessing = 0;
			shellPath = /bin/sh;
			shellScript = "diff \"${PODS_ROOT}/../Podfile.lock\" \"${PODS_ROOT}/Manifest.lock\" > /dev/null\nif [ $? != 0 ] ; then\n    # print error to STDERR\n    echo \"error: The sandbox is not in sync with the Podfile.lock. Run 'pod install' or update your CocoaPods installation.\" >&2\n    exit 1\nfi\n";
			showEnvVarsInLog = 0;
		};
		1B6043B00C2FB3B0D4986E58 /* [CP] Embed Pods Frameworks */ = {
			isa = PBXShellScriptBuildPhase;
			buildActionMask = 2147483647;
			files = (
			);
			inputPaths = (
			);
			name = "[CP] Embed Pods Frameworks";
			outputPaths = (
			);
			runOnlyForDeploymentPostprocessing = 0;
			shellPath = /bin/sh;
			shellScript = "\"${SRCROOT}/Pods/Target Support Files/Pods-ClothesStoreUITests/Pods-ClothesStoreUITests-frameworks.sh\"\n";
			showEnvVarsInLog = 0;
		};
		3DBB217AC1185E18AB2452E9 /* [CP] Check Pods Manifest.lock */ = {
			isa = PBXShellScriptBuildPhase;
			buildActionMask = 2147483647;
			files = (
			);
			inputPaths = (
			);
			name = "[CP] Check Pods Manifest.lock";
			outputPaths = (
			);
			runOnlyForDeploymentPostprocessing = 0;
			shellPath = /bin/sh;
			shellScript = "diff \"${PODS_ROOT}/../Podfile.lock\" \"${PODS_ROOT}/Manifest.lock\" > /dev/null\nif [ $? != 0 ] ; then\n    # print error to STDERR\n    echo \"error: The sandbox is not in sync with the Podfile.lock. Run 'pod install' or update your CocoaPods installation.\" >&2\n    exit 1\nfi\n";
			showEnvVarsInLog = 0;
		};
		657B1F2D4F72B3C527B27BEE /* [CP] Embed Pods Frameworks */ = {
			isa = PBXShellScriptBuildPhase;
			buildActionMask = 2147483647;
			files = (
			);
			inputPaths = (
			);
			name = "[CP] Embed Pods Frameworks";
			outputPaths = (
			);
			runOnlyForDeploymentPostprocessing = 0;
			shellPath = /bin/sh;
			shellScript = "\"${SRCROOT}/Pods/Target Support Files/Pods-ClothesStoreTests/Pods-ClothesStoreTests-frameworks.sh\"\n";
			showEnvVarsInLog = 0;
		};
		68A7F3395CBD4189A5CFA0B3 /* [CP] Copy Pods Resources */ = {
			isa = PBXShellScriptBuildPhase;
			buildActionMask = 2147483647;
			files = (
			);
			inputPaths = (
			);
			name = "[CP] Copy Pods Resources";
			outputPaths = (
			);
			runOnlyForDeploymentPostprocessing = 0;
			shellPath = /bin/sh;
			shellScript = "\"${SRCROOT}/Pods/Target Support Files/Pods-ClothesStore/Pods-ClothesStore-resources.sh\"\n";
			showEnvVarsInLog = 0;
		};
		75E469AF0EC4A1C7092325D0 /* [CP] Copy Pods Resources */ = {
			isa = PBXShellScriptBuildPhase;
			buildActionMask = 2147483647;
			files = (
			);
			inputPaths = (
			);
			name = "[CP] Copy Pods Resources";
			outputPaths = (
			);
			runOnlyForDeploymentPostprocessing = 0;
			shellPath = /bin/sh;
			shellScript = "\"${SRCROOT}/Pods/Target Support Files/Pods-ClothesStoreUITests/Pods-ClothesStoreUITests-resources.sh\"\n";
			showEnvVarsInLog = 0;
		};
		B5B7CD1416F9E52C2BE6DDC7 /* [CP] Check Pods Manifest.lock */ = {
			isa = PBXShellScriptBuildPhase;
			buildActionMask = 2147483647;
			files = (
			);
			inputPaths = (
			);
			name = "[CP] Check Pods Manifest.lock";
			outputPaths = (
			);
			runOnlyForDeploymentPostprocessing = 0;
			shellPath = /bin/sh;
			shellScript = "diff \"${PODS_ROOT}/../Podfile.lock\" \"${PODS_ROOT}/Manifest.lock\" > /dev/null\nif [ $? != 0 ] ; then\n    # print error to STDERR\n    echo \"error: The sandbox is not in sync with the Podfile.lock. Run 'pod install' or update your CocoaPods installation.\" >&2\n    exit 1\nfi\n";
			showEnvVarsInLog = 0;
		};
		B9ED607BA5C4693275472CBF /* [CP] Copy Pods Resources */ = {
			isa = PBXShellScriptBuildPhase;
			buildActionMask = 2147483647;
			files = (
			);
			inputPaths = (
			);
			name = "[CP] Copy Pods Resources";
			outputPaths = (
			);
			runOnlyForDeploymentPostprocessing = 0;
			shellPath = /bin/sh;
			shellScript = "\"${SRCROOT}/Pods/Target Support Files/Pods-ClothesStoreTests/Pods-ClothesStoreTests-resources.sh\"\n";
			showEnvVarsInLog = 0;
		};
		F374C35FA35C3386001566CB /* [CP] Embed Pods Frameworks */ = {
			isa = PBXShellScriptBuildPhase;
			buildActionMask = 2147483647;
			files = (
			);
			inputPaths = (
			);
			name = "[CP] Embed Pods Frameworks";
			outputPaths = (
			);
			runOnlyForDeploymentPostprocessing = 0;
			shellPath = /bin/sh;
			shellScript = "\"${SRCROOT}/Pods/Target Support Files/Pods-ClothesStore/Pods-ClothesStore-frameworks.sh\"\n";
			showEnvVarsInLog = 0;
		};
/* End PBXShellScriptBuildPhase section */

/* Begin PBXSourcesBuildPhase section */
		178352E31DF5E9AA006ADAD4 /* Sources */ = {
			isa = PBXSourcesBuildPhase;
			buildActionMask = 2147483647;
			files = (
				17DFC3341DF60B2B00BA6E69 /* ClothesStore.xcdatamodeld in Sources */,
				17F42A461DF63C9A00F89314 /* DataSource.swift in Sources */,
				1783531C1DF5EFCD006ADAD4 /* CartViewController.swift in Sources */,
				17F42A441DF63C7200F89314 /* DataProvider.swift in Sources */,
				17DFC3371DF60C0A00BA6E69 /* Product.swift in Sources */,
				178352EF1DF5E9AA006ADAD4 /* WishlistViewController.swift in Sources */,
				17F42A511DF6FD3A00F89314 /* SearchTableViewCell.swift in Sources */,
				17F42A3D1DF62AD700F89314 /* ProductDownloader.swift in Sources */,
				1764E5121DF5F9190026E260 /* APIManager.swift in Sources */,
				1764E5171DF5FB4E0026E260 /* Products.swift in Sources */,
				17F42A3A1DF62A9E00F89314 /* ChangeProcessor.swift in Sources */,
				171925DA1DF7387200DC5C03 /* CartUploader.swift in Sources */,
				17F42A4C1DF640E800F89314 /* ConfigurableCell.swift in Sources */,
				171925D81DF736F000DC5C03 /* Cart.swift in Sources */,
				17F42A481DF63CCC00F89314 /* FetchedResultsDataProvider.swift in Sources */,
				17F42A351DF6279B00F89314 /* SyncCoordinatorSettable.swift in Sources */,
				17F42A3F1DF6304A00F89314 /* SyncCoordinator.swift in Sources */,
				17F42A331DF6277C00F89314 /* ManagedObjectContextSettable.swift in Sources */,
				178352EB1DF5E9AA006ADAD4 /* AppDelegate.swift in Sources */,
				171925D51DF7060E00DC5C03 /* CoreDataStack.swift in Sources */,
				1764E5141DF5FA7B0026E260 /* Endpoint.swift in Sources */,
				17F42A411DF633F300F89314 /* ProductsDownloader.swift in Sources */,
				17F42A4A1DF640B600F89314 /* TableViewDataSource.swift in Sources */,
				178352ED1DF5E9AA006ADAD4 /* SearchViewController.swift in Sources */,
			);
			runOnlyForDeploymentPostprocessing = 0;
		};
		178352F91DF5E9AA006ADAD4 /* Sources */ = {
			isa = PBXSourcesBuildPhase;
			buildActionMask = 2147483647;
			files = (
				178353021DF5E9AA006ADAD4 /* DependancyInjectionTests.swift in Sources */,
			);
			runOnlyForDeploymentPostprocessing = 0;
		};
		178353041DF5E9AA006ADAD4 /* Sources */ = {
			isa = PBXSourcesBuildPhase;
			buildActionMask = 2147483647;
			files = (
				1783530D1DF5E9AA006ADAD4 /* ClothesStoreUITests.swift in Sources */,
			);
			runOnlyForDeploymentPostprocessing = 0;
		};
/* End PBXSourcesBuildPhase section */

/* Begin PBXTargetDependency section */
		178352FF1DF5E9AA006ADAD4 /* PBXTargetDependency */ = {
			isa = PBXTargetDependency;
			target = 178352E61DF5E9AA006ADAD4 /* ClothesStore */;
			targetProxy = 178352FE1DF5E9AA006ADAD4 /* PBXContainerItemProxy */;
		};
		1783530A1DF5E9AA006ADAD4 /* PBXTargetDependency */ = {
			isa = PBXTargetDependency;
			target = 178352E61DF5E9AA006ADAD4 /* ClothesStore */;
			targetProxy = 178353091DF5E9AA006ADAD4 /* PBXContainerItemProxy */;
		};
/* End PBXTargetDependency section */

/* Begin PBXVariantGroup section */
		178352F01DF5E9AA006ADAD4 /* Main.storyboard */ = {
			isa = PBXVariantGroup;
			children = (
				178352F11DF5E9AA006ADAD4 /* Base */,
			);
			name = Main.storyboard;
			sourceTree = "<group>";
		};
		178352F51DF5E9AA006ADAD4 /* LaunchScreen.storyboard */ = {
			isa = PBXVariantGroup;
			children = (
				178352F61DF5E9AA006ADAD4 /* Base */,
			);
			name = LaunchScreen.storyboard;
			sourceTree = "<group>";
		};
/* End PBXVariantGroup section */

/* Begin XCBuildConfiguration section */
		1783530F1DF5E9AA006ADAD4 /* Debug */ = {
			isa = XCBuildConfiguration;
			buildSettings = {
				ALWAYS_SEARCH_USER_PATHS = NO;
				CLANG_ANALYZER_NONNULL = YES;
				CLANG_CXX_LANGUAGE_STANDARD = "gnu++0x";
				CLANG_CXX_LIBRARY = "libc++";
				CLANG_ENABLE_MODULES = YES;
				CLANG_ENABLE_OBJC_ARC = YES;
				CLANG_WARN_BOOL_CONVERSION = YES;
				CLANG_WARN_CONSTANT_CONVERSION = YES;
				CLANG_WARN_DIRECT_OBJC_ISA_USAGE = YES_ERROR;
				CLANG_WARN_DOCUMENTATION_COMMENTS = YES;
				CLANG_WARN_EMPTY_BODY = YES;
				CLANG_WARN_ENUM_CONVERSION = YES;
				CLANG_WARN_INFINITE_RECURSION = YES;
				CLANG_WARN_INT_CONVERSION = YES;
				CLANG_WARN_OBJC_ROOT_CLASS = YES_ERROR;
				CLANG_WARN_SUSPICIOUS_MOVES = YES;
				CLANG_WARN_UNREACHABLE_CODE = YES;
				CLANG_WARN__DUPLICATE_METHOD_MATCH = YES;
				"CODE_SIGN_IDENTITY[sdk=iphoneos*]" = "iPhone Developer";
				COPY_PHASE_STRIP = NO;
				DEBUG_INFORMATION_FORMAT = dwarf;
				ENABLE_STRICT_OBJC_MSGSEND = YES;
				ENABLE_TESTABILITY = YES;
				GCC_C_LANGUAGE_STANDARD = gnu99;
				GCC_DYNAMIC_NO_PIC = NO;
				GCC_NO_COMMON_BLOCKS = YES;
				GCC_OPTIMIZATION_LEVEL = 0;
				GCC_PREPROCESSOR_DEFINITIONS = (
					"DEBUG=1",
					"$(inherited)",
				);
				GCC_WARN_64_TO_32_BIT_CONVERSION = YES;
				GCC_WARN_ABOUT_RETURN_TYPE = YES_ERROR;
				GCC_WARN_UNDECLARED_SELECTOR = YES;
				GCC_WARN_UNINITIALIZED_AUTOS = YES_AGGRESSIVE;
				GCC_WARN_UNUSED_FUNCTION = YES;
				GCC_WARN_UNUSED_VARIABLE = YES;
				IPHONEOS_DEPLOYMENT_TARGET = 8.0;
				MTL_ENABLE_DEBUG_INFO = YES;
				ONLY_ACTIVE_ARCH = YES;
				SDKROOT = iphoneos;
				SWIFT_ACTIVE_COMPILATION_CONDITIONS = DEBUG;
				SWIFT_OPTIMIZATION_LEVEL = "-Onone";
				TARGETED_DEVICE_FAMILY = "1,2";
			};
			name = Debug;
		};
		178353101DF5E9AA006ADAD4 /* Release */ = {
			isa = XCBuildConfiguration;
			buildSettings = {
				ALWAYS_SEARCH_USER_PATHS = NO;
				CLANG_ANALYZER_NONNULL = YES;
				CLANG_CXX_LANGUAGE_STANDARD = "gnu++0x";
				CLANG_CXX_LIBRARY = "libc++";
				CLANG_ENABLE_MODULES = YES;
				CLANG_ENABLE_OBJC_ARC = YES;
				CLANG_WARN_BOOL_CONVERSION = YES;
				CLANG_WARN_CONSTANT_CONVERSION = YES;
				CLANG_WARN_DIRECT_OBJC_ISA_USAGE = YES_ERROR;
				CLANG_WARN_DOCUMENTATION_COMMENTS = YES;
				CLANG_WARN_EMPTY_BODY = YES;
				CLANG_WARN_ENUM_CONVERSION = YES;
				CLANG_WARN_INFINITE_RECURSION = YES;
				CLANG_WARN_INT_CONVERSION = YES;
				CLANG_WARN_OBJC_ROOT_CLASS = YES_ERROR;
				CLANG_WARN_SUSPICIOUS_MOVES = YES;
				CLANG_WARN_UNREACHABLE_CODE = YES;
				CLANG_WARN__DUPLICATE_METHOD_MATCH = YES;
				"CODE_SIGN_IDENTITY[sdk=iphoneos*]" = "iPhone Developer";
				COPY_PHASE_STRIP = NO;
				DEBUG_INFORMATION_FORMAT = "dwarf-with-dsym";
				ENABLE_NS_ASSERTIONS = NO;
				ENABLE_STRICT_OBJC_MSGSEND = YES;
				GCC_C_LANGUAGE_STANDARD = gnu99;
				GCC_NO_COMMON_BLOCKS = YES;
				GCC_WARN_64_TO_32_BIT_CONVERSION = YES;
				GCC_WARN_ABOUT_RETURN_TYPE = YES_ERROR;
				GCC_WARN_UNDECLARED_SELECTOR = YES;
				GCC_WARN_UNINITIALIZED_AUTOS = YES_AGGRESSIVE;
				GCC_WARN_UNUSED_FUNCTION = YES;
				GCC_WARN_UNUSED_VARIABLE = YES;
				IPHONEOS_DEPLOYMENT_TARGET = 8.0;
				MTL_ENABLE_DEBUG_INFO = NO;
				SDKROOT = iphoneos;
				SWIFT_OPTIMIZATION_LEVEL = "-Owholemodule";
				TARGETED_DEVICE_FAMILY = "1,2";
				VALIDATE_PRODUCT = YES;
			};
			name = Release;
		};
		178353121DF5E9AA006ADAD4 /* Debug */ = {
			isa = XCBuildConfiguration;
			baseConfigurationReference = 03FAF7CF02C2026CFFBFF493 /* Pods-ClothesStore.debug.xcconfig */;
			buildSettings = {
				ASSETCATALOG_COMPILER_APPICON_NAME = AppIcon;
				DEVELOPMENT_TEAM = 7LN7TQR8G4;
				INFOPLIST_FILE = ClothesStore/Info.plist;
				LD_RUNPATH_SEARCH_PATHS = "$(inherited) @executable_path/Frameworks";
				PRODUCT_BUNDLE_IDENTIFIER = com.KyleDavidson.ClothesStore;
				PRODUCT_NAME = "$(TARGET_NAME)";
				SWIFT_VERSION = 3.0;
			};
			name = Debug;
		};
		178353131DF5E9AA006ADAD4 /* Release */ = {
			isa = XCBuildConfiguration;
			baseConfigurationReference = 1C163E0FA10B66959C56174C /* Pods-ClothesStore.release.xcconfig */;
			buildSettings = {
				ASSETCATALOG_COMPILER_APPICON_NAME = AppIcon;
				DEVELOPMENT_TEAM = 7LN7TQR8G4;
				INFOPLIST_FILE = ClothesStore/Info.plist;
				LD_RUNPATH_SEARCH_PATHS = "$(inherited) @executable_path/Frameworks";
				PRODUCT_BUNDLE_IDENTIFIER = com.KyleDavidson.ClothesStore;
				PRODUCT_NAME = "$(TARGET_NAME)";
				SWIFT_VERSION = 3.0;
			};
			name = Release;
		};
		178353151DF5E9AA006ADAD4 /* Debug */ = {
			isa = XCBuildConfiguration;
			baseConfigurationReference = 8DB641B440818C7F0E500C3D /* Pods-ClothesStoreTests.debug.xcconfig */;
			buildSettings = {
				ALWAYS_EMBED_SWIFT_STANDARD_LIBRARIES = YES;
				BUNDLE_LOADER = "$(TEST_HOST)";
				DEVELOPMENT_TEAM = 7LN7TQR8G4;
				INFOPLIST_FILE = ClothesStoreTests/Info.plist;
				LD_RUNPATH_SEARCH_PATHS = "$(inherited) @executable_path/Frameworks @loader_path/Frameworks";
				PRODUCT_BUNDLE_IDENTIFIER = com.KyleDavidson.ClothesStoreTests;
				PRODUCT_NAME = "$(TARGET_NAME)";
				SWIFT_VERSION = 3.0;
				TEST_HOST = "$(BUILT_PRODUCTS_DIR)/ClothesStore.app/ClothesStore";
			};
			name = Debug;
		};
		178353161DF5E9AA006ADAD4 /* Release */ = {
			isa = XCBuildConfiguration;
			baseConfigurationReference = 570E83489F5633E2362CD8A9 /* Pods-ClothesStoreTests.release.xcconfig */;
			buildSettings = {
				ALWAYS_EMBED_SWIFT_STANDARD_LIBRARIES = YES;
				BUNDLE_LOADER = "$(TEST_HOST)";
				DEVELOPMENT_TEAM = 7LN7TQR8G4;
				INFOPLIST_FILE = ClothesStoreTests/Info.plist;
				LD_RUNPATH_SEARCH_PATHS = "$(inherited) @executable_path/Frameworks @loader_path/Frameworks";
				PRODUCT_BUNDLE_IDENTIFIER = com.KyleDavidson.ClothesStoreTests;
				PRODUCT_NAME = "$(TARGET_NAME)";
				SWIFT_VERSION = 3.0;
				TEST_HOST = "$(BUILT_PRODUCTS_DIR)/ClothesStore.app/ClothesStore";
			};
			name = Release;
		};
		178353181DF5E9AA006ADAD4 /* Debug */ = {
			isa = XCBuildConfiguration;
			baseConfigurationReference = 29E9FEB601F88E5A96D6EC1E /* Pods-ClothesStoreUITests.debug.xcconfig */;
			buildSettings = {
				ALWAYS_EMBED_SWIFT_STANDARD_LIBRARIES = YES;
				DEVELOPMENT_TEAM = 7LN7TQR8G4;
				INFOPLIST_FILE = ClothesStoreUITests/Info.plist;
				LD_RUNPATH_SEARCH_PATHS = "$(inherited) @executable_path/Frameworks @loader_path/Frameworks";
				PRODUCT_BUNDLE_IDENTIFIER = com.KyleDavidson.ClothesStoreUITests;
				PRODUCT_NAME = "$(TARGET_NAME)";
				SWIFT_VERSION = 3.0;
				TEST_TARGET_NAME = ClothesStore;
			};
			name = Debug;
		};
		178353191DF5E9AA006ADAD4 /* Release */ = {
			isa = XCBuildConfiguration;
			baseConfigurationReference = 83BC2A1C9A418C6F126FE1A8 /* Pods-ClothesStoreUITests.release.xcconfig */;
			buildSettings = {
				ALWAYS_EMBED_SWIFT_STANDARD_LIBRARIES = YES;
				DEVELOPMENT_TEAM = 7LN7TQR8G4;
				INFOPLIST_FILE = ClothesStoreUITests/Info.plist;
				LD_RUNPATH_SEARCH_PATHS = "$(inherited) @executable_path/Frameworks @loader_path/Frameworks";
				PRODUCT_BUNDLE_IDENTIFIER = com.KyleDavidson.ClothesStoreUITests;
				PRODUCT_NAME = "$(TARGET_NAME)";
				SWIFT_VERSION = 3.0;
				TEST_TARGET_NAME = ClothesStore;
			};
			name = Release;
		};
/* End XCBuildConfiguration section */

/* Begin XCConfigurationList section */
		178352E21DF5E9AA006ADAD4 /* Build configuration list for PBXProject "ClothesStore" */ = {
			isa = XCConfigurationList;
			buildConfigurations = (
				1783530F1DF5E9AA006ADAD4 /* Debug */,
				178353101DF5E9AA006ADAD4 /* Release */,
			);
			defaultConfigurationIsVisible = 0;
			defaultConfigurationName = Release;
		};
		178353111DF5E9AA006ADAD4 /* Build configuration list for PBXNativeTarget "ClothesStore" */ = {
			isa = XCConfigurationList;
			buildConfigurations = (
				178353121DF5E9AA006ADAD4 /* Debug */,
				178353131DF5E9AA006ADAD4 /* Release */,
			);
			defaultConfigurationIsVisible = 0;
			defaultConfigurationName = Release;
		};
		178353141DF5E9AA006ADAD4 /* Build configuration list for PBXNativeTarget "ClothesStoreTests" */ = {
			isa = XCConfigurationList;
			buildConfigurations = (
				178353151DF5E9AA006ADAD4 /* Debug */,
				178353161DF5E9AA006ADAD4 /* Release */,
			);
			defaultConfigurationIsVisible = 0;
			defaultConfigurationName = Release;
		};
		178353171DF5E9AA006ADAD4 /* Build configuration list for PBXNativeTarget "ClothesStoreUITests" */ = {
			isa = XCConfigurationList;
			buildConfigurations = (
				178353181DF5E9AA006ADAD4 /* Debug */,
				178353191DF5E9AA006ADAD4 /* Release */,
			);
			defaultConfigurationIsVisible = 0;
			defaultConfigurationName = Release;
		};
/* End XCConfigurationList section */

/* Begin XCVersionGroup section */
		17DFC3321DF60B2B00BA6E69 /* ClothesStore.xcdatamodeld */ = {
			isa = XCVersionGroup;
			children = (
				17DFC3331DF60B2B00BA6E69 /* ClothesStore.xcdatamodel */,
			);
			currentVersion = 17DFC3331DF60B2B00BA6E69 /* ClothesStore.xcdatamodel */;
			path = ClothesStore.xcdatamodeld;
			sourceTree = "<group>";
			versionGroupType = wrapper.xcdatamodel;
		};
/* End XCVersionGroup section */
	};
	rootObject = 178352DF1DF5E9AA006ADAD4 /* Project object */;
}
